
Microsoft Visual Studio Solution File, Format Version 12.00
# Visual Studio 15
VisualStudioVersion = 15.0.26124.0
MinimumVisualStudioVersion = 15.0.26124.0
Project("{2150E333-8FDC-42A3-9474-1A3956D46DE8}") = "src", "src", "{95FA05BB-6E76-4A3C-9902-2A9AB69EC90F}"
EndProject
Project("{FAE04EC0-301F-11D3-BF4B-00C04F79EFBC}") = "Carguero.PocPushNotification.WebApi", "src\Carguero.PocPushNotification.WebApi\Carguero.PocPushNotification.WebApi.csproj", "{A41217BB-7B88-4A84-8347-4D6A0B0BF674}"
EndProject
Global
	GlobalSection(SolutionConfigurationPlatforms) = preSolution
		Debug|Any CPU = Debug|Any CPU
		Debug|x64 = Debug|x64
		Debug|x86 = Debug|x86
		Release|Any CPU = Release|Any CPU
		Release|x64 = Release|x64
		Release|x86 = Release|x86
	EndGlobalSection
	GlobalSection(SolutionProperties) = preSolution
		HideSolutionNode = FALSE
	EndGlobalSection
	GlobalSection(ProjectConfigurationPlatforms) = postSolution
		{A41217BB-7B88-4A84-8347-4D6A0B0BF674}.Debug|Any CPU.ActiveCfg = Debug|Any CPU
		{A41217BB-7B88-4A84-8347-4D6A0B0BF674}.Debug|Any CPU.Build.0 = Debug|Any CPU
		{A41217BB-7B88-4A84-8347-4D6A0B0BF674}.Debug|x64.ActiveCfg = Debug|Any CPU
		{A41217BB-7B88-4A84-8347-4D6A0B0BF674}.Debug|x64.Build.0 = Debug|Any CPU
		{A41217BB-7B88-4A84-8347-4D6A0B0BF674}.Debug|x86.ActiveCfg = Debug|Any CPU
		{A41217BB-7B88-4A84-8347-4D6A0B0BF674}.Debug|x86.Build.0 = Debug|Any CPU
		{A41217BB-7B88-4A84-8347-4D6A0B0BF674}.Release|Any CPU.ActiveCfg = Release|Any CPU
		{A41217BB-7B88-4A84-8347-4D6A0B0BF674}.Release|Any CPU.Build.0 = Release|Any CPU
		{A41217BB-7B88-4A84-8347-4D6A0B0BF674}.Release|x64.ActiveCfg = Release|Any CPU
		{A41217BB-7B88-4A84-8347-4D6A0B0BF674}.Release|x64.Build.0 = Release|Any CPU
		{A41217BB-7B88-4A84-8347-4D6A0B0BF674}.Release|x86.ActiveCfg = Release|Any CPU
		{A41217BB-7B88-4A84-8347-4D6A0B0BF674}.Release|x86.Build.0 = Release|Any CPU
	EndGlobalSection
	GlobalSection(NestedProjects) = preSolution
		{A41217BB-7B88-4A84-8347-4D6A0B0BF674} = {95FA05BB-6E76-4A3C-9902-2A9AB69EC90F}
	EndGlobalSection
EndGlobal
